
Microsoft Visual Studio Solution File, Format Version 12.00
# Visual Studio Version 17
VisualStudioVersion = 17.10.34928.147
MinimumVisualStudioVersion = 10.0.40219.1
Project("{FAE04EC0-301F-11D3-BF4B-00C04F79EFBC}") = "Task_1", "Task_1\Task_1.csproj", "{9AC08752-5837-46B5-9979-7B9266EC403B}"
EndProject
Global
	GlobalSection(SolutionConfigurationPlatforms) = preSolution
		Debug|Any CPU = Debug|Any CPU
		Release|Any CPU = Release|Any CPU
	EndGlobalSection
	GlobalSection(ProjectConfigurationPlatforms) = postSolution
		{9AC08752-5837-46B5-9979-7B9266EC403B}.Debug|Any CPU.ActiveCfg = Debug|Any CPU
		{9AC08752-5837-46B5-9979-7B9266EC403B}.Debug|Any CPU.Build.0 = Debug|Any CPU
		{9AC08752-5837-46B5-9979-7B9266EC403B}.Release|Any CPU.ActiveCfg = Release|Any CPU
		{9AC08752-5837-46B5-9979-7B9266EC403B}.Release|Any CPU.Build.0 = Release|Any CPU
	EndGlobalSection
	GlobalSection(SolutionProperties) = preSolution
		HideSolutionNode = FALSE
	EndGlobalSection
	GlobalSection(ExtensibilityGlobals) = postSolution
		SolutionGuid = {F8CEAAB9-E3BA-461E-B423-F362D8E182D7}
	EndGlobalSection
EndGlobal
